// !$*UTF8*$!
{
	archiveVersion = 1;
	classes = {
	};
	objectVersion = 50;
	objects = {

/* Begin PBXBuildFile section */
		F1F13AF524DEE3A70096180D /* AppDelegate.swift in Sources */ = {isa = PBXBuildFile; fileRef = F1F13AF424DEE3A70096180D /* AppDelegate.swift */; };
		F1F13AF724DEE3A70096180D /* SceneDelegate.swift in Sources */ = {isa = PBXBuildFile; fileRef = F1F13AF624DEE3A70096180D /* SceneDelegate.swift */; };
		F1F13AF924DEE3A70096180D /* ViewController.swift in Sources */ = {isa = PBXBuildFile; fileRef = F1F13AF824DEE3A70096180D /* ViewController.swift */; };
		F1F13AFC24DEE3A70096180D /* Main.storyboard in Resources */ = {isa = PBXBuildFile; fileRef = F1F13AFA24DEE3A70096180D /* Main.storyboard */; };
		F1F13AFE24DEE3AA0096180D /* Assets.xcassets in Resources */ = {isa = PBXBuildFile; fileRef = F1F13AFD24DEE3AA0096180D /* Assets.xcassets */; };
		F1F13B0124DEE3AA0096180D /* LaunchScreen.storyboard in Resources */ = {isa = PBXBuildFile; fileRef = F1F13AFF24DEE3AA0096180D /* LaunchScreen.storyboard */; };
/* End PBXBuildFile section */

/* Begin PBXFileReference section */
		F1F13AF124DEE3A70096180D /* Swiftgithubtest.app */ = {isa = PBXFileReference; explicitFileType = wrapper.application; includeInIndex = 0; path = Swiftgithubtest.app; sourceTree = BUILT_PRODUCTS_DIR; };
		F1F13AF424DEE3A70096180D /* AppDelegate.swift */ = {isa = PBXFileReference; lastKnownFileType = sourcecode.swift; path = AppDelegate.swift; sourceTree = "<group>"; };
		F1F13AF624DEE3A70096180D /* SceneDelegate.swift */ = {isa = PBXFileReference; lastKnownFileType = sourcecode.swift; path = SceneDelegate.swift; sourceTree = "<group>"; };
		F1F13AF824DEE3A70096180D /* ViewController.swift */ = {isa = PBXFileReference; lastKnownFileType = sourcecode.swift; path = ViewController.swift; sourceTree = "<group>"; };
		F1F13AFB24DEE3A70096180D /* Base */ = {isa = PBXFileReference; lastKnownFileType = file.storyboard; name = Base; path = Base.lproj/Main.storyboard; sourceTree = "<group>"; };
		F1F13AFD24DEE3AA0096180D /* Assets.xcassets */ = {isa = PBXFileReference; lastKnownFileType = folder.assetcatalog; path = Assets.xcassets; sourceTree = "<group>"; };
		F1F13B0024DEE3AA0096180D /* Base */ = {isa = PBXFileReference; lastKnownFileType = file.storyboard; name = Base; path = Base.lproj/LaunchScreen.storyboard; sourceTree = "<group>"; };
		F1F13B0224DEE3AA0096180D /* Info.plist */ = {isa = PBXFileReference; lastKnownFileType = text.plist.xml; path = Info.plist; sourceTree = "<group>"; };
/* End PBXFileReference section */

/* Begin PBXFrameworksBuildPhase section */
		F1F13AEE24DEE3A70096180D /* Frameworks */ = {
			isa = PBXFrameworksBuildPhase;
			buildActionMask = 2147483647;
			files = (
			);
			runOnlyForDeploymentPostprocessing = 0;
		};
/* End PBXFrameworksBuildPhase section */

/* Begin PBXGroup section */
		F1F13AE824DEE3A70096180D = {
			isa = PBXGroup;
			children = (
				F1F13AF324DEE3A70096180D /* Swiftgithubtest */,
				F1F13AF224DEE3A70096180D /* Products */,
			);
			sourceTree = "<group>";
		};
		F1F13AF224DEE3A70096180D /* Products */ = {
			isa = PBXGroup;
			children = (
				F1F13AF124DEE3A70096180D /* Swiftgithubtest.app */,
			);
			name = Products;
			sourceTree = "<group>";
		};
		F1F13AF324DEE3A70096180D /* Swiftgithubtest */ = {
			isa = PBXGroup;
			children = (
				F1F13AF424DEE3A70096180D /* AppDelegate.swift */,
				F1F13AF624DEE3A70096180D /* SceneDelegate.swift */,
				F1F13AF824DEE3A70096180D /* ViewController.swift */,
				F1F13AFA24DEE3A70096180D /* Main.storyboard */,
				F1F13AFD24DEE3AA0096180D /* Assets.xcassets */,
				F1F13AFF24DEE3AA0096180D /* LaunchScreen.storyboard */,
				F1F13B0224DEE3AA0096180D /* Info.plist */,
			);
			path = Swiftgithubtest;
			sourceTree = "<group>";
		};
/* End PBXGroup section */

/* Begin PBXNativeTarget section */
		F1F13AF024DEE3A70096180D /* Swiftgithubtest */ = {
			isa = PBXNativeTarget;
			buildConfigurationList = F1F13B0524DEE3AA0096180D /* Build configuration list for PBXNativeTarget "Swiftgithubtest" */;
			buildPhases = (
				F1F13AED24DEE3A70096180D /* Sources */,
				F1F13AEE24DEE3A70096180D /* Frameworks */,
				F1F13AEF24DEE3A70096180D /* Resources */,
			);
			buildRules = (
			);
			dependencies = (
			);
			name = Swiftgithubtest;
			productName = Swiftgithubtest;
			productReference = F1F13AF124DEE3A70096180D /* Swiftgithubtest.app */;
			productType = "com.apple.product-type.application";
		};
/* End PBXNativeTarget section */

/* Begin PBXProject section */
		F1F13AE924DEE3A70096180D /* Project object */ = {
			isa = PBXProject;
			attributes = {
				LastSwiftUpdateCheck = 1160;
				LastUpgradeCheck = 1160;
				ORGANIZATIONNAME = "Kosuke Uehata";
				TargetAttributes = {
					F1F13AF024DEE3A70096180D = {
						CreatedOnToolsVersion = 11.6;
					};
				};
			};
			buildConfigurationList = F1F13AEC24DEE3A70096180D /* Build configuration list for PBXProject "Swiftgithubtest" */;
			compatibilityVersion = "Xcode 9.3";
			developmentRegion = en;
			hasScannedForEncodings = 0;
			knownRegions = (
				en,
				Base,
			);
			mainGroup = F1F13AE824DEE3A70096180D;
			productRefGroup = F1F13AF224DEE3A70096180D /* Products */;
			projectDirPath = "";
			projectRoot = "";
			targets = (
				F1F13AF024DEE3A70096180D /* Swiftgithubtest */,
			);
		};
/* End PBXProject section */

/* Begin PBXResourcesBuildPhase section */
		F1F13AEF24DEE3A70096180D /* Resources */ = {
			isa = PBXResourcesBuildPhase;
			buildActionMask = 2147483647;
			files = (
				F1F13B0124DEE3AA0096180D /* LaunchScreen.storyboard in Resources */,
				F1F13AFE24DEE3AA0096180D /* Assets.xcassets in Resources */,
				F1F13AFC24DEE3A70096180D /* Main.storyboard in Resources */,
			);
			runOnlyForDeploymentPostprocessing = 0;
		};
/* End PBXResourcesBuildPhase section */

/* Begin PBXSourcesBuildPhase section */
		F1F13AED24DEE3A70096180D /* Sources */ = {
			isa = PBXSourcesBuildPhase;
			buildActionMask = 2147483647;
			files = (
				F1F13AF924DEE3A70096180D /* ViewController.swift in Sources */,
				F1F13AF524DEE3A70096180D /* AppDelegate.swift in Sources */,
				F1F13AF724DEE3A70096180D /* SceneDelegate.swift in Sources */,
			);
			runOnlyForDeploymentPostprocessing = 0;
		};
/* End PBXSourcesBuildPhase section */

/* Begin PBXVariantGroup section */
		F1F13AFA24DEE3A70096180D /* Main.storyboard */ = {
			isa = PBXVariantGroup;
			children = (
				F1F13AFB24DEE3A70096180D /* Base */,
			);
			name = Main.storyboard;
			sourceTree = "<group>";
		};
		F1F13AFF24DEE3AA0096180D /* LaunchScreen.storyboard */ = {
			isa = PBXVariantGroup;
			children = (
				F1F13B0024DEE3AA0096180D /* Base */,
			);
			name = LaunchScreen.storyboard;
			sourceTree = "<group>";
		};
/* End PBXVariantGroup section */

/* Begin XCBuildConfiguration section */
		F1F13B0324DEE3AA0096180D /* Debug */ = {
			isa = XCBuildConfiguration;
			buildSettings = {
				ALWAYS_SEARCH_USER_PATHS = NO;
				CLANG_ANALYZER_NONNULL = YES;
				CLANG_ANALYZER_NUMBER_OBJECT_CONVERSION = YES_AGGRESSIVE;
				CLANG_CXX_LANGUAGE_STANDARD = "gnu++14";
				CLANG_CXX_LIBRARY = "libc++";
				CLANG_ENABLE_MODULES = YES;
				CLANG_ENABLE_OBJC_ARC = YES;
				CLANG_ENABLE_OBJC_WEAK = YES;
				CLANG_WARN_BLOCK_CAPTURE_AUTORELEASING = YES;
				CLANG_WARN_BOOL_CONVERSION = YES;
				CLANG_WARN_COMMA = YES;
				CLANG_WARN_CONSTANT_CONVERSION = YES;
				CLANG_WARN_DEPRECATED_OBJC_IMPLEMENTATIONS = YES;
				CLANG_WARN_DIRECT_OBJC_ISA_USAGE = YES_ERROR;
				CLANG_WARN_DOCUMENTATION_COMMENTS = YES;
				CLANG_WARN_EMPTY_BODY = YES;
				CLANG_WARN_ENUM_CONVERSION = YES;
				CLANG_WARN_INFINITE_RECURSION = YES;
				CLANG_WARN_INT_CONVERSION = YES;
				CLANG_WARN_NON_LITERAL_NULL_CONVERSION = YES;
				CLANG_WARN_OBJC_IMPLICIT_RETAIN_SELF = YES;
				CLANG_WARN_OBJC_LITERAL_CONVERSION = YES;
				CLANG_WARN_OBJC_ROOT_CLASS = YES_ERROR;
				CLANG_WARN_RANGE_LOOP_ANALYSIS = YES;
				CLANG_WARN_STRICT_PROTOTYPES = YES;
				CLANG_WARN_SUSPICIOUS_MOVE = YES;
				CLANG_WARN_UNGUARDED_AVAILABILITY = YES_AGGRESSIVE;
				CLANG_WARN_UNREACHABLE_CODE = YES;
				CLANG_WARN__DUPLICATE_METHOD_MATCH = YES;
				COPY_PHASE_STRIP = NO;
				DEBUG_INFORMATION_FORMAT = dwarf;
				ENABLE_STRICT_OBJC_MSGSEND = YES;
				ENABLE_TESTABILITY = YES;
				GCC_C_LANGUAGE_STANDARD = gnu11;
				GCC_DYNAMIC_NO_PIC = NO;
				GCC_NO_COMMON_BLOCKS = YES;
				GCC_OPTIMIZATION_LEVEL = 0;
				GCC_PREPROCESSOR_DEFINITIONS = (
					"DEBUG=1",
					"$(inherited)",
				);
				GCC_WARN_64_TO_32_BIT_CONVERSION = YES;
				GCC_WARN_ABOUT_RETURN_TYPE = YES_ERROR;
				GCC_WARN_UNDECLARED_SELECTOR = YES;
				GCC_WARN_UNINITIALIZED_AUTOS = YES_AGGRESSIVE;
				GCC_WARN_UNUSED_FUNCTION = YES;
				GCC_WARN_UNUSED_VARIABLE = YES;
				IPHONEOS_DEPLOYMENT_TARGET = 13.6;
				MTL_ENABLE_DEBUG_INFO = INCLUDE_SOURCE;
				MTL_FAST_MATH = YES;
				ONLY_ACTIVE_ARCH = YES;
				SDKROOT = iphoneos;
				SWIFT_ACTIVE_COMPILATION_CONDITIONS = DEBUG;
				SWIFT_OPTIMIZATION_LEVEL = "-Onone";
			};
			name = Debug;
		};
		F1F13B0424DEE3AA0096180D /* Release */ = {
			isa = XCBuildConfiguration;
			buildSettings = {
				ALWAYS_SEARCH_USER_PATHS = NO;
				CLANG_ANALYZER_NONNULL = YES;
				CLANG_ANALYZER_NUMBER_OBJECT_CONVERSION = YES_AGGRESSIVE;
				CLANG_CXX_LANGUAGE_STANDARD = "gnu++14";
				CLANG_CXX_LIBRARY = "libc++";
				CLANG_ENABLE_MODULES = YES;
				CLANG_ENABLE_OBJC_ARC = YES;
				CLANG_ENABLE_OBJC_WEAK = YES;
				CLANG_WARN_BLOCK_CAPTURE_AUTORELEASING = YES;
				CLANG_WARN_BOOL_CONVERSION = YES;
				CLANG_WARN_COMMA = YES;
				CLANG_WARN_CONSTANT_CONVERSION = YES;
				CLANG_WARN_DEPRECATED_OBJC_IMPLEMENTATIONS = YES;
				CLANG_WARN_DIRECT_OBJC_ISA_USAGE = YES_ERROR;
				CLANG_WARN_DOCUMENTATION_COMMENTS = YES;
				CLANG_WARN_EMPTY_BODY = YES;
				CLANG_WARN_ENUM_CONVERSION = YES;
				CLANG_WARN_INFINITE_RECURSION = YES;
				CLANG_WARN_INT_CONVERSION = YES;
				CLANG_WARN_NON_LITERAL_NULL_CONVERSION = YES;
				CLANG_WARN_OBJC_IMPLICIT_RETAIN_SELF = YES;
				CLANG_WARN_OBJC_LITERAL_CONVERSION = YES;
				CLANG_WARN_OBJC_ROOT_CLASS = YES_ERROR;
				CLANG_WARN_RANGE_LOOP_ANALYSIS = YES;
				CLANG_WARN_STRICT_PROTOTYPES = YES;
				CLANG_WARN_SUSPICIOUS_MOVE = YES;
				CLANG_WARN_UNGUARDED_AVAILABILITY = YES_AGGRESSIVE;
				CLANG_WARN_UNREACHABLE_CODE = YES;
				CLANG_WARN__DUPLICATE_METHOD_MATCH = YES;
				COPY_PHASE_STRIP = NO;
				DEBUG_INFORMATION_FORMAT = "dwarf-with-dsym";
				ENABLE_NS_ASSERTIONS = NO;
				ENABLE_STRICT_OBJC_MSGSEND = YES;
				GCC_C_LANGUAGE_STANDARD = gnu11;
				GCC_NO_COMMON_BLOCKS = YES;
				GCC_WARN_64_TO_32_BIT_CONVERSION = YES;
				GCC_WARN_ABOUT_RETURN_TYPE = YES_ERROR;
				GCC_WARN_UNDECLARED_SELECTOR = YES;
				GCC_WARN_UNINITIALIZED_AUTOS = YES_AGGRESSIVE;
				GCC_WARN_UNUSED_FUNCTION = YES;
				GCC_WARN_UNUSED_VARIABLE = YES;
				IPHONEOS_DEPLOYMENT_TARGET = 13.6;
				MTL_ENABLE_DEBUG_INFO = NO;
				MTL_FAST_MATH = YES;
				SDKROOT = iphoneos;
				SWIFT_COMPILATION_MODE = wholemodule;
				SWIFT_OPTIMIZATION_LEVEL = "-O";
				VALIDATE_PRODUCT = YES;
			};
			name = Release;
		};
		F1F13B0624DEE3AA0096180D /* Debug */ = {
			isa = XCBuildConfiguration;
			buildSettings = {
				ASSETCATALOG_COMPILER_APPICON_NAME = AppIcon;
				CODE_SIGN_STYLE = Automatic;
				INFOPLIST_FILE = Swiftgithubtest/Info.plist;
				LD_RUNPATH_SEARCH_PATHS = (
					"$(inherited)",
					"@executable_path/Frameworks",
				);
				PRODUCT_BUNDLE_IDENTIFIER = com.kosuketest.Swiftgithubtest;
				PRODUCT_NAME = "$(TARGET_NAME)";
				SWIFT_VERSION = 5.0;
				TARGETED_DEVICE_FAMILY = "1,2";
			};
			name = Debug;
		};
		F1F13B0724DEE3AA0096180D /* Release */ = {
			isa = XCBuildConfiguration;
			buildSettings = {
				ASSETCATALOG_COMPILER_APPICON_NAME = AppIcon;
				CODE_SIGN_STYLE = Automatic;
				INFOPLIST_FILE = Swiftgithubtest/Info.plist;
				LD_RUNPATH_SEARCH_PATHS = (
					"$(inherited)",
					"@executable_path/Frameworks",
				);
				PRODUCT_BUNDLE_IDENTIFIER = com.kosuketest.Swiftgithubtest;
				PRODUCT_NAME = "$(TARGET_NAME)";
				SWIFT_VERSION = 5.0;
				TARGETED_DEVICE_FAMILY = "1,2";
			};
			name = Release;
		};
/* End XCBuildConfiguration section */

/* Begin XCConfigurationList section */
		F1F13AEC24DEE3A70096180D /* Build configuration list for PBXProject "Swiftgithubtest" */ = {
			isa = XCConfigurationList;
			buildConfigurations = (
				F1F13B0324DEE3AA0096180D /* Debug */,
				F1F13B0424DEE3AA0096180D /* Release */,
			);
			defaultConfigurationIsVisible = 0;
			defaultConfigurationName = Release;
		};
		F1F13B0524DEE3AA0096180D /* Build configuration list for PBXNativeTarget "Swiftgithubtest" */ = {
			isa = XCConfigurationList;
			buildConfigurations = (
				F1F13B0624DEE3AA0096180D /* Debug */,
				F1F13B0724DEE3AA0096180D /* Release */,
			);
			defaultConfigurationIsVisible = 0;
			defaultConfigurationName = Release;
		};
/* End XCConfigurationList section */
	};
	rootObject = F1F13AE924DEE3A70096180D /* Project object */;
}
